
Microsoft Visual Studio Solution File, Format Version 12.00
# Visual Studio Version 17
VisualStudioVersion = 17.0.31912.275
MinimumVisualStudioVersion = 10.0.40219.1
Project("{FAE04EC0-301F-11D3-BF4B-00C04F79EFBC}") = "OctaEstate", "OctaEstate\OctaEstate.csproj", "{CCA1F6CF-079F-4453-B780-4567C71A0757}"
EndProject
Global
	GlobalSection(SolutionConfigurationPlatforms) = preSolution
		Debug|Any CPU = Debug|Any CPU
		Debug|x64 = Debug|x64
		Debug|x86 = Debug|x86
		Release|Any CPU = Release|Any CPU
		Release|x64 = Release|x64
		Release|x86 = Release|x86
	EndGlobalSection
	GlobalSection(ProjectConfigurationPlatforms) = postSolution
		{CCA1F6CF-079F-4453-B780-4567C71A0757}.Debug|Any CPU.ActiveCfg = Debug|Any CPU
		{CCA1F6CF-079F-4453-B780-4567C71A0757}.Debug|Any CPU.Build.0 = Debug|Any CPU
		{CCA1F6CF-079F-4453-B780-4567C71A0757}.Debug|x64.ActiveCfg = Debug|x64
		{CCA1F6CF-079F-4453-B780-4567C71A0757}.Debug|x64.Build.0 = Debug|x64
		{CCA1F6CF-079F-4453-B780-4567C71A0757}.Debug|x86.ActiveCfg = Debug|Any CPU
		{CCA1F6CF-079F-4453-B780-4567C71A0757}.Debug|x86.Build.0 = Debug|Any CPU
		{CCA1F6CF-079F-4453-B780-4567C71A0757}.Release|Any CPU.ActiveCfg = Release|Any CPU
		{CCA1F6CF-079F-4453-B780-4567C71A0757}.Release|Any CPU.Build.0 = Release|Any CPU
		{CCA1F6CF-079F-4453-B780-4567C71A0757}.Release|x64.ActiveCfg = Release|x64
		{CCA1F6CF-079F-4453-B780-4567C71A0757}.Release|x64.Build.0 = Release|x64
		{CCA1F6CF-079F-4453-B780-4567C71A0757}.Release|x86.ActiveCfg = Release|x86
		{CCA1F6CF-079F-4453-B780-4567C71A0757}.Release|x86.Build.0 = Release|x86
	EndGlobalSection
	GlobalSection(SolutionProperties) = preSolution
		HideSolutionNode = FALSE
	EndGlobalSection
	GlobalSection(ExtensibilityGlobals) = postSolution
		SolutionGuid = {F13D7333-0931-4DEE-ABD2-FB5576270031}
	EndGlobalSection
EndGlobal
